
Microsoft Visual Studio Solution File, Format Version 12.00
# Visual Studio Version 16
VisualStudioVersion = 16.0.28315.86
MinimumVisualStudioVersion = 10.0.40219.1
Project("{2150E333-8FDC-42A3-9474-1A3956D46DE8}") = "Engine", "Engine", "{8AAFB20C-8C85-4E6B-A638-A00CB656E24B}"
EndProject
Project("{2150E333-8FDC-42A3-9474-1A3956D46DE8}") = "Games", "Games", "{8269FE5B-7902-4AD3-AB0E-A4170D64461A}"
EndProject
Project("{8BC9CEB8-8B4A-11D0-8D11-00A0C91BC942}") = "DropPoint", "Intermediate\ProjectFiles\DropPoint.vcxproj", "{4BE248F8-4F36-42B7-8F76-91EA2F9C5228}"
EndProject
Project("{8BC9CEB8-8B4A-11D0-8D11-00A0C91BC942}") = "UE4", "Intermediate\ProjectFiles\UE4.vcxproj", "{E1063A56-B1DF-4BBC-A7FB-E5D477DFE291}"
EndProject
Project("{2150E333-8FDC-42A3-9474-1A3956D46DE8}") = "Visualizers", "Visualizers", "{E6277E12-D94C-4C2F-9AE7-0875FC172079}"
	ProjectSection(SolutionItems) = preProject
		..\..\..\UE_4.24\Engine\Extras\VisualStudioDebugging\UE4.natvis = ..\..\..\UE_4.24\Engine\Extras\VisualStudioDebugging\UE4.natvis
	EndProjectSection
EndProject
Global
	GlobalSection(SolutionConfigurationPlatforms) = preSolution
		DebugGame Editor|Win32 = DebugGame Editor|Win32
		DebugGame Editor|Win64 = DebugGame Editor|Win64
		DebugGame|Win32 = DebugGame|Win32
		DebugGame|Win64 = DebugGame|Win64
		Development Editor|Win32 = Development Editor|Win32
		Development Editor|Win64 = Development Editor|Win64
		Development|Win32 = Development|Win32
		Development|Win64 = Development|Win64
		Shipping|Win32 = Shipping|Win32
		Shipping|Win64 = Shipping|Win64
	EndGlobalSection
	GlobalSection(ProjectConfigurationPlatforms) = postSolution
		{4BE248F8-4F36-42B7-8F76-91EA2F9C5228}.DebugGame Editor|Win32.ActiveCfg = Invalid|Win32
		{4BE248F8-4F36-42B7-8F76-91EA2F9C5228}.DebugGame Editor|Win64.ActiveCfg = DebugGame_Editor|x64
		{4BE248F8-4F36-42B7-8F76-91EA2F9C5228}.DebugGame Editor|Win64.Build.0 = DebugGame_Editor|x64
		{4BE248F8-4F36-42B7-8F76-91EA2F9C5228}.DebugGame|Win32.ActiveCfg = DebugGame|Win32
		{4BE248F8-4F36-42B7-8F76-91EA2F9C5228}.DebugGame|Win32.Build.0 = DebugGame|Win32
		{4BE248F8-4F36-42B7-8F76-91EA2F9C5228}.DebugGame|Win64.ActiveCfg = DebugGame|x64
		{4BE248F8-4F36-42B7-8F76-91EA2F9C5228}.DebugGame|Win64.Build.0 = DebugGame|x64
		{4BE248F8-4F36-42B7-8F76-91EA2F9C5228}.Development Editor|Win32.ActiveCfg = Invalid|Win32
		{4BE248F8-4F36-42B7-8F76-91EA2F9C5228}.Development Editor|Win64.ActiveCfg = Development_Editor|x64
		{4BE248F8-4F36-42B7-8F76-91EA2F9C5228}.Development Editor|Win64.Build.0 = Development_Editor|x64
		{4BE248F8-4F36-42B7-8F76-91EA2F9C5228}.Development|Win32.ActiveCfg = Development|Win32
		{4BE248F8-4F36-42B7-8F76-91EA2F9C5228}.Development|Win32.Build.0 = Development|Win32
		{4BE248F8-4F36-42B7-8F76-91EA2F9C5228}.Development|Win64.ActiveCfg = Development|x64
		{4BE248F8-4F36-42B7-8F76-91EA2F9C5228}.Development|Win64.Build.0 = Development|x64
		{4BE248F8-4F36-42B7-8F76-91EA2F9C5228}.Shipping|Win32.ActiveCfg = Shipping|Win32
		{4BE248F8-4F36-42B7-8F76-91EA2F9C5228}.Shipping|Win32.Build.0 = Shipping|Win32
		{4BE248F8-4F36-42B7-8F76-91EA2F9C5228}.Shipping|Win64.ActiveCfg = Shipping|x64
		{4BE248F8-4F36-42B7-8F76-91EA2F9C5228}.Shipping|Win64.Build.0 = Shipping|x64
		{E1063A56-B1DF-4BBC-A7FB-E5D477DFE291}.DebugGame Editor|Win32.ActiveCfg = BuiltWithUnrealBuildTool|Win32
		{E1063A56-B1DF-4BBC-A7FB-E5D477DFE291}.DebugGame Editor|Win64.ActiveCfg = BuiltWithUnrealBuildTool|Win32
		{E1063A56-B1DF-4BBC-A7FB-E5D477DFE291}.DebugGame|Win32.ActiveCfg = BuiltWithUnrealBuildTool|Win32
		{E1063A56-B1DF-4BBC-A7FB-E5D477DFE291}.DebugGame|Win64.ActiveCfg = BuiltWithUnrealBuildTool|Win32
		{E1063A56-B1DF-4BBC-A7FB-E5D477DFE291}.Development Editor|Win32.ActiveCfg = BuiltWithUnrealBuildTool|Win32
		{E1063A56-B1DF-4BBC-A7FB-E5D477DFE291}.Development Editor|Win64.ActiveCfg = BuiltWithUnrealBuildTool|Win32
		{E1063A56-B1DF-4BBC-A7FB-E5D477DFE291}.Development|Win32.ActiveCfg = BuiltWithUnrealBuildTool|Win32
		{E1063A56-B1DF-4BBC-A7FB-E5D477DFE291}.Development|Win64.ActiveCfg = BuiltWithUnrealBuildTool|Win32
		{E1063A56-B1DF-4BBC-A7FB-E5D477DFE291}.Shipping|Win32.ActiveCfg = BuiltWithUnrealBuildTool|Win32
		{E1063A56-B1DF-4BBC-A7FB-E5D477DFE291}.Shipping|Win64.ActiveCfg = BuiltWithUnrealBuildTool|Win32
	EndGlobalSection
	GlobalSection(SolutionProperties) = preSolution
		HideSolutionNode = FALSE
	EndGlobalSection
	GlobalSection(NestedProjects) = preSolution
		{E1063A56-B1DF-4BBC-A7FB-E5D477DFE291} = {8AAFB20C-8C85-4E6B-A638-A00CB656E24B}
		{4BE248F8-4F36-42B7-8F76-91EA2F9C5228} = {8269FE5B-7902-4AD3-AB0E-A4170D64461A}
	EndGlobalSection
EndGlobal
